
Microsoft Visual Studio Solution File, Format Version 12.00
# Visual Studio 15
Project("{FAE04EC0-301F-11D3-BF4B-00C04F79EFBC}") = "FoodTruckLocations", "Location\FoodTruckLocations.csproj", "{D598E07C-4869-4553-AEBA-71B86F2A08ED}"
EndProject
Project("{2150E333-8FDC-42A3-9474-1A3956D46DE8}") = "Solution Items", "Solution Items", "{17A6B1E4-FB25-4198-BDBA-208699F6C923}"
EndProject
Global
	GlobalSection(SolutionConfigurationPlatforms) = preSolution
		Debug|Any CPU = Debug|Any CPU
		Release|Any CPU = Release|Any CPU
	EndGlobalSection
	GlobalSection(ProjectConfigurationPlatforms) = postSolution
		{D598E07C-4869-4553-AEBA-71B86F2A08ED}.Debug|Any CPU.ActiveCfg = Debug|Any CPU
		{D598E07C-4869-4553-AEBA-71B86F2A08ED}.Debug|Any CPU.Build.0 = Debug|Any CPU
		{D598E07C-4869-4553-AEBA-71B86F2A08ED}.Release|Any CPU.ActiveCfg = Release|Any CPU
		{D598E07C-4869-4553-AEBA-71B86F2A08ED}.Release|Any CPU.Build.0 = Release|Any CPU
	EndGlobalSection
EndGlobal
